
Microsoft Visual Studio Solution File, Format Version 12.00
# Visual Studio Version 17
VisualStudioVersion = 17.1.32210.238
MinimumVisualStudioVersion = 10.0.40219.1
Project("{FAE04EC0-301F-11D3-BF4B-00C04F79EFBC}") = "ClientManagement", "ClientManagement\ClientManagement.csproj", "{B0BEBAAF-54A5-4432-AA2C-AD4F24D939F0}"
EndProject
Project("{FAE04EC0-301F-11D3-BF4B-00C04F79EFBC}") = "ClientManagement_DataAccess", "ClientManagement_DataAccess\ClientManagement_DataAccess.csproj", "{C5B9254C-033C-48D5-9ACB-EEA5D7847DD0}"
EndProject
Project("{FAE04EC0-301F-11D3-BF4B-00C04F79EFBC}") = "ClientManagement_Models", "ClientManagement_Models\ClientManagement_Models.csproj", "{59875CD0-86F7-4607-A2BE-A9D8D6A451A1}"
EndProject
Global
	GlobalSection(SolutionConfigurationPlatforms) = preSolution
		Debug|Any CPU = Debug|Any CPU
		Release|Any CPU = Release|Any CPU
	EndGlobalSection
	GlobalSection(ProjectConfigurationPlatforms) = postSolution
		{B0BEBAAF-54A5-4432-AA2C-AD4F24D939F0}.Debug|Any CPU.ActiveCfg = Debug|Any CPU
		{B0BEBAAF-54A5-4432-AA2C-AD4F24D939F0}.Debug|Any CPU.Build.0 = Debug|Any CPU
		{B0BEBAAF-54A5-4432-AA2C-AD4F24D939F0}.Release|Any CPU.ActiveCfg = Release|Any CPU
		{B0BEBAAF-54A5-4432-AA2C-AD4F24D939F0}.Release|Any CPU.Build.0 = Release|Any CPU
		{C5B9254C-033C-48D5-9ACB-EEA5D7847DD0}.Debug|Any CPU.ActiveCfg = Debug|Any CPU
		{C5B9254C-033C-48D5-9ACB-EEA5D7847DD0}.Debug|Any CPU.Build.0 = Debug|Any CPU
		{C5B9254C-033C-48D5-9ACB-EEA5D7847DD0}.Release|Any CPU.ActiveCfg = Release|Any CPU
		{C5B9254C-033C-48D5-9ACB-EEA5D7847DD0}.Release|Any CPU.Build.0 = Release|Any CPU
		{59875CD0-86F7-4607-A2BE-A9D8D6A451A1}.Debug|Any CPU.ActiveCfg = Debug|Any CPU
		{59875CD0-86F7-4607-A2BE-A9D8D6A451A1}.Debug|Any CPU.Build.0 = Debug|Any CPU
		{59875CD0-86F7-4607-A2BE-A9D8D6A451A1}.Release|Any CPU.ActiveCfg = Release|Any CPU
		{59875CD0-86F7-4607-A2BE-A9D8D6A451A1}.Release|Any CPU.Build.0 = Release|Any CPU
	EndGlobalSection
	GlobalSection(SolutionProperties) = preSolution
		HideSolutionNode = FALSE
	EndGlobalSection
	GlobalSection(ExtensibilityGlobals) = postSolution
		SolutionGuid = {6D29263E-B882-4E0B-A6D1-972BA10C8B97}
	EndGlobalSection
EndGlobal
